
Microsoft Visual Studio Solution File, Format Version 12.00
# Visual Studio Version 16
VisualStudioVersion = 16.0.30011.22
MinimumVisualStudioVersion = 10.0.40219.1
Project("{FAE04EC0-301F-11D3-BF4B-00C04F79EFBC}") = "audioKP", "audioKP.csproj", "{6DA7D276-4B24-4B96-84F0-1A72AF7BED17}"
EndProject
Global
	GlobalSection(SolutionConfigurationPlatforms) = preSolution
		Debug|Any CPU = Debug|Any CPU
		Release|Any CPU = Release|Any CPU
	EndGlobalSection
	GlobalSection(ProjectConfigurationPlatforms) = postSolution
		{6DA7D276-4B24-4B96-84F0-1A72AF7BED17}.Debug|Any CPU.ActiveCfg = Debug|Any CPU
		{6DA7D276-4B24-4B96-84F0-1A72AF7BED17}.Debug|Any CPU.Build.0 = Debug|Any CPU
		{6DA7D276-4B24-4B96-84F0-1A72AF7BED17}.Release|Any CPU.ActiveCfg = Release|Any CPU
		{6DA7D276-4B24-4B96-84F0-1A72AF7BED17}.Release|Any CPU.Build.0 = Release|Any CPU
	EndGlobalSection
	GlobalSection(SolutionProperties) = preSolution
		HideSolutionNode = FALSE
	EndGlobalSection
	GlobalSection(ExtensibilityGlobals) = postSolution
		SolutionGuid = {15FAD638-DA1D-4FF9-8F97-1870C739C4AA}
	EndGlobalSection
EndGlobal
